
Microsoft Visual Studio Solution File, Format Version 12.00
# Visual Studio 2013
VisualStudioVersion = 12.0.21005.1
MinimumVisualStudioVersion = 10.0.40219.1
Project("{8BC9CEB8-8B4A-11D0-8D11-00A0C91BC942}") = "Gra", "Gra\Gra.vcxproj", "{F40ED643-9E2F-41A8-B05C-456F87925D6C}"
EndProject
Project("{8BC9CEB8-8B4A-11D0-8D11-00A0C91BC942}") = "Sieć", "Sieć\Sieć.vcxproj", "{60F80351-1E5F-423A-9415-B095AA31C087}"
EndProject
Global
	GlobalSection(SolutionConfigurationPlatforms) = preSolution
		Debug|Win32 = Debug|Win32
		Release|Win32 = Release|Win32
	EndGlobalSection
	GlobalSection(ProjectConfigurationPlatforms) = postSolution
		{F40ED643-9E2F-41A8-B05C-456F87925D6C}.Debug|Win32.ActiveCfg = Debug|Win32
		{F40ED643-9E2F-41A8-B05C-456F87925D6C}.Debug|Win32.Build.0 = Debug|Win32
		{F40ED643-9E2F-41A8-B05C-456F87925D6C}.Release|Win32.ActiveCfg = Release|Win32
		{F40ED643-9E2F-41A8-B05C-456F87925D6C}.Release|Win32.Build.0 = Release|Win32
		{60F80351-1E5F-423A-9415-B095AA31C087}.Debug|Win32.ActiveCfg = Debug|Win32
		{60F80351-1E5F-423A-9415-B095AA31C087}.Debug|Win32.Build.0 = Debug|Win32
		{60F80351-1E5F-423A-9415-B095AA31C087}.Release|Win32.ActiveCfg = Release|Win32
		{60F80351-1E5F-423A-9415-B095AA31C087}.Release|Win32.Build.0 = Release|Win32
	EndGlobalSection
	GlobalSection(SolutionProperties) = preSolution
		HideSolutionNode = FALSE
	EndGlobalSection
EndGlobal
